{
  "name": "zynode-lab",
  "version": "1.2.0",
  "lockfileVersion": 3,
  "requires": true,
  "packages": {
    "": {
      "name": "zynode-lab",
      "version": "1.2.0",
      "license": "MIT",
      "bin": {
        "zynode": "src/cli.js"
      },
      "engines": {
        "node": ">=20"
      }
    }
  }
}
